
Microsoft Visual Studio Solution File, Format Version 12.00
# Visual Studio Version 16
VisualStudioVersion = 16.0.29911.84
MinimumVisualStudioVersion = 10.0.40219.1
Project("{FAE04EC0-301F-11D3-BF4B-00C04F79EFBC}") = "Csharp", "Csharp\Csharp.csproj", "{0173260B-340B-4384-A2EC-02903DC52379}"
EndProject
Project("{2150E333-8FDC-42A3-9474-1A3956D46DE8}") = "HomeWork01", "HomeWork01", "{B92C6049-C13E-4BF7-92E3-4CF7EFDBD8A9}"
EndProject
Project("{FAE04EC0-301F-11D3-BF4B-00C04F79EFBC}") = "HomeWork01", "HomeWork01\HomeWork01.csproj", "{9E8FBE39-1757-4F1B-86AC-8FB0BF228C33}"
EndProject
Project("{FAE04EC0-301F-11D3-BF4B-00C04F79EFBC}") = "HomeWork02", "HomeWork02\HomeWork02.csproj", "{C5E4D6AA-F46D-431B-AB29-EA6A4795EBC7}"
EndProject
Project("{FAE04EC0-301F-11D3-BF4B-00C04F79EFBC}") = "HomeWork03", "HomeWork03\HomeWork03.csproj", "{053E2A7F-F16A-4C6D-97D6-92C311DB0275}"
EndProject
Project("{FAE04EC0-301F-11D3-BF4B-00C04F79EFBC}") = "HomeWork04", "HomeWork04\HomeWork04.csproj", "{8F711AC3-18A7-4F3D-8693-0EB1C3AD1D49}"
EndProject
Project("{FAE04EC0-301F-11D3-BF4B-00C04F79EFBC}") = "HomeWork05", "HomeWork05\HomeWork05.csproj", "{0ECFA7E9-C8C1-4112-90A2-245BD3C8D1FB}"
EndProject
Project("{2150E333-8FDC-42A3-9474-1A3956D46DE8}") = "Lesson02", "Lesson02", "{7BA92F80-4985-4040-B13D-F26EC4F7A07A}"
EndProject
Project("{2150E333-8FDC-42A3-9474-1A3956D46DE8}") = "Homework02", "Homework02", "{E2EC3CF5-B4DA-41E6-B010-8645546C5071}"
EndProject
Project("{2150E333-8FDC-42A3-9474-1A3956D46DE8}") = "Task01", "Task01", "{033CA569-19D9-4242-ABC5-2B13997E656D}"
EndProject
Project("{FAE04EC0-301F-11D3-BF4B-00C04F79EFBC}") = "homework02-01", "Lesson02\Homework02\homework02-01\homework02-01.csproj", "{964117EB-B2E2-4C50-B764-B9C08EFCBD8E}"
EndProject
Project("{2150E333-8FDC-42A3-9474-1A3956D46DE8}") = "Task02", "Task02", "{8389ABFD-C435-41BC-A146-7874B307DFEB}"
EndProject
Project("{2150E333-8FDC-42A3-9474-1A3956D46DE8}") = "Lesson03", "Lesson03", "{3CBE43B8-9348-46BC-8AC2-BCD2A93A5BB2}"
EndProject
Project("{2150E333-8FDC-42A3-9474-1A3956D46DE8}") = "Homework03", "Homework03", "{57980F88-D40F-4AAC-B70F-BB5937DBEC79}"
EndProject
Project("{FAE04EC0-301F-11D3-BF4B-00C04F79EFBC}") = "Lesson03", "Lesson03\Lesson03\Lesson03.csproj", "{DDF38FFF-681E-43FC-9E09-8E173B6A93F5}"
EndProject
Project("{FAE04EC0-301F-11D3-BF4B-00C04F79EFBC}") = "HomeWork03", "Lesson03\HomeWork03\HomeWork03.csproj", "{6E917498-B148-4442-B564-4A42D391592B}"
EndProject
Project("{FAE04EC0-301F-11D3-BF4B-00C04F79EFBC}") = "ClassComplexNumbers", "Lesson03\HomeWork03\ClassComplexNumbers\ClassComplexNumbers.csproj", "{2BE8E805-9D6E-4665-89ED-0974C4CA8E1C}"
EndProject
Project("{2150E333-8FDC-42A3-9474-1A3956D46DE8}") = "Lesson04", "Lesson04", "{5AE5F4BC-74C8-48E1-96AC-B3B105BF9B43}"
EndProject
Project("{2150E333-8FDC-42A3-9474-1A3956D46DE8}") = "Homework04", "Homework04", "{B9696C11-BFBD-42DA-B17D-1B6EFF294348}"
EndProject
Project("{FAE04EC0-301F-11D3-BF4B-00C04F79EFBC}") = "Homework04", "Lesson04\Homework04\Homework04\Homework04.csproj", "{FC27E611-5EF5-4761-9BAE-E9B80C8BAB2A}"
EndProject
Project("{2150E333-8FDC-42A3-9474-1A3956D46DE8}") = "Lesson05", "Lesson05", "{963777ED-0DD3-4749-A812-01E0B95F7ABD}"
EndProject
Project("{2150E333-8FDC-42A3-9474-1A3956D46DE8}") = "Homework05", "Homework05", "{A3F1E850-D5B4-4DEE-8DD1-DCA9FCBD4793}"
EndProject
Project("{FAE04EC0-301F-11D3-BF4B-00C04F79EFBC}") = "Homework05", "Lesson05\Homework05\Homework05\Homework05.csproj", "{ADD78DC1-1AC3-444C-BEDF-B01AD28C07CB}"
EndProject
Project("{2150E333-8FDC-42A3-9474-1A3956D46DE8}") = "Lesson06", "Lesson06", "{185622DD-4775-4684-90EC-E47141E48763}"
EndProject
Project("{2150E333-8FDC-42A3-9474-1A3956D46DE8}") = "Homework06", "Homework06", "{6F50E41A-AF03-43CA-99CB-0873912D436B}"
EndProject
Project("{FAE04EC0-301F-11D3-BF4B-00C04F79EFBC}") = "TableFunc", "Lesson06\Homework06\Homework06\TableFunc.csproj", "{EC896E4F-8EF3-4550-A249-BF5620D5C880}"
EndProject
Project("{FAE04EC0-301F-11D3-BF4B-00C04F79EFBC}") = "MinFunc", "Lesson06\Homework06\MinFunc\MinFunc\MinFunc.csproj", "{513D4DF2-5FA7-42AC-A31D-D33DA9550238}"
EndProject
Project("{FAE04EC0-301F-11D3-BF4B-00C04F79EFBC}") = "ReadFile", "Lesson06\Homework06\ReadFile\ReadFile\ReadFile.csproj", "{577E84D8-4060-4605-8F45-C9D61FB4AE1A}"
EndProject
Global
	GlobalSection(SolutionConfigurationPlatforms) = preSolution
		Debug|Any CPU = Debug|Any CPU
		Release|Any CPU = Release|Any CPU
	EndGlobalSection
	GlobalSection(ProjectConfigurationPlatforms) = postSolution
		{0173260B-340B-4384-A2EC-02903DC52379}.Debug|Any CPU.ActiveCfg = Debug|Any CPU
		{0173260B-340B-4384-A2EC-02903DC52379}.Debug|Any CPU.Build.0 = Debug|Any CPU
		{0173260B-340B-4384-A2EC-02903DC52379}.Release|Any CPU.ActiveCfg = Release|Any CPU
		{0173260B-340B-4384-A2EC-02903DC52379}.Release|Any CPU.Build.0 = Release|Any CPU
		{9E8FBE39-1757-4F1B-86AC-8FB0BF228C33}.Debug|Any CPU.ActiveCfg = Debug|Any CPU
		{9E8FBE39-1757-4F1B-86AC-8FB0BF228C33}.Debug|Any CPU.Build.0 = Debug|Any CPU
		{9E8FBE39-1757-4F1B-86AC-8FB0BF228C33}.Release|Any CPU.ActiveCfg = Release|Any CPU
		{9E8FBE39-1757-4F1B-86AC-8FB0BF228C33}.Release|Any CPU.Build.0 = Release|Any CPU
		{C5E4D6AA-F46D-431B-AB29-EA6A4795EBC7}.Debug|Any CPU.ActiveCfg = Debug|Any CPU
		{C5E4D6AA-F46D-431B-AB29-EA6A4795EBC7}.Debug|Any CPU.Build.0 = Debug|Any CPU
		{C5E4D6AA-F46D-431B-AB29-EA6A4795EBC7}.Release|Any CPU.ActiveCfg = Release|Any CPU
		{C5E4D6AA-F46D-431B-AB29-EA6A4795EBC7}.Release|Any CPU.Build.0 = Release|Any CPU
		{053E2A7F-F16A-4C6D-97D6-92C311DB0275}.Debug|Any CPU.ActiveCfg = Debug|Any CPU
		{053E2A7F-F16A-4C6D-97D6-92C311DB0275}.Debug|Any CPU.Build.0 = Debug|Any CPU
		{053E2A7F-F16A-4C6D-97D6-92C311DB0275}.Release|Any CPU.ActiveCfg = Release|Any CPU
		{053E2A7F-F16A-4C6D-97D6-92C311DB0275}.Release|Any CPU.Build.0 = Release|Any CPU
		{8F711AC3-18A7-4F3D-8693-0EB1C3AD1D49}.Debug|Any CPU.ActiveCfg = Debug|Any CPU
		{8F711AC3-18A7-4F3D-8693-0EB1C3AD1D49}.Debug|Any CPU.Build.0 = Debug|Any CPU
		{8F711AC3-18A7-4F3D-8693-0EB1C3AD1D49}.Release|Any CPU.ActiveCfg = Release|Any CPU
		{8F711AC3-18A7-4F3D-8693-0EB1C3AD1D49}.Release|Any CPU.Build.0 = Release|Any CPU
		{0ECFA7E9-C8C1-4112-90A2-245BD3C8D1FB}.Debug|Any CPU.ActiveCfg = Debug|Any CPU
		{0ECFA7E9-C8C1-4112-90A2-245BD3C8D1FB}.Debug|Any CPU.Build.0 = Debug|Any CPU
		{0ECFA7E9-C8C1-4112-90A2-245BD3C8D1FB}.Release|Any CPU.ActiveCfg = Release|Any CPU
		{0ECFA7E9-C8C1-4112-90A2-245BD3C8D1FB}.Release|Any CPU.Build.0 = Release|Any CPU
		{964117EB-B2E2-4C50-B764-B9C08EFCBD8E}.Debug|Any CPU.ActiveCfg = Debug|Any CPU
		{964117EB-B2E2-4C50-B764-B9C08EFCBD8E}.Debug|Any CPU.Build.0 = Debug|Any CPU
		{964117EB-B2E2-4C50-B764-B9C08EFCBD8E}.Release|Any CPU.ActiveCfg = Release|Any CPU
		{964117EB-B2E2-4C50-B764-B9C08EFCBD8E}.Release|Any CPU.Build.0 = Release|Any CPU
		{DDF38FFF-681E-43FC-9E09-8E173B6A93F5}.Debug|Any CPU.ActiveCfg = Debug|Any CPU
		{DDF38FFF-681E-43FC-9E09-8E173B6A93F5}.Debug|Any CPU.Build.0 = Debug|Any CPU
		{DDF38FFF-681E-43FC-9E09-8E173B6A93F5}.Release|Any CPU.ActiveCfg = Release|Any CPU
		{DDF38FFF-681E-43FC-9E09-8E173B6A93F5}.Release|Any CPU.Build.0 = Release|Any CPU
		{6E917498-B148-4442-B564-4A42D391592B}.Debug|Any CPU.ActiveCfg = Debug|Any CPU
		{6E917498-B148-4442-B564-4A42D391592B}.Debug|Any CPU.Build.0 = Debug|Any CPU
		{6E917498-B148-4442-B564-4A42D391592B}.Release|Any CPU.ActiveCfg = Release|Any CPU
		{6E917498-B148-4442-B564-4A42D391592B}.Release|Any CPU.Build.0 = Release|Any CPU
		{2BE8E805-9D6E-4665-89ED-0974C4CA8E1C}.Debug|Any CPU.ActiveCfg = Debug|Any CPU
		{2BE8E805-9D6E-4665-89ED-0974C4CA8E1C}.Debug|Any CPU.Build.0 = Debug|Any CPU
		{2BE8E805-9D6E-4665-89ED-0974C4CA8E1C}.Release|Any CPU.ActiveCfg = Release|Any CPU
		{2BE8E805-9D6E-4665-89ED-0974C4CA8E1C}.Release|Any CPU.Build.0 = Release|Any CPU
		{FC27E611-5EF5-4761-9BAE-E9B80C8BAB2A}.Debug|Any CPU.ActiveCfg = Debug|Any CPU
		{FC27E611-5EF5-4761-9BAE-E9B80C8BAB2A}.Debug|Any CPU.Build.0 = Debug|Any CPU
		{FC27E611-5EF5-4761-9BAE-E9B80C8BAB2A}.Release|Any CPU.ActiveCfg = Release|Any CPU
		{FC27E611-5EF5-4761-9BAE-E9B80C8BAB2A}.Release|Any CPU.Build.0 = Release|Any CPU
		{ADD78DC1-1AC3-444C-BEDF-B01AD28C07CB}.Debug|Any CPU.ActiveCfg = Debug|Any CPU
		{ADD78DC1-1AC3-444C-BEDF-B01AD28C07CB}.Debug|Any CPU.Build.0 = Debug|Any CPU
		{ADD78DC1-1AC3-444C-BEDF-B01AD28C07CB}.Release|Any CPU.ActiveCfg = Release|Any CPU
		{ADD78DC1-1AC3-444C-BEDF-B01AD28C07CB}.Release|Any CPU.Build.0 = Release|Any CPU
		{EC896E4F-8EF3-4550-A249-BF5620D5C880}.Debug|Any CPU.ActiveCfg = Debug|Any CPU
		{EC896E4F-8EF3-4550-A249-BF5620D5C880}.Debug|Any CPU.Build.0 = Debug|Any CPU
		{EC896E4F-8EF3-4550-A249-BF5620D5C880}.Release|Any CPU.ActiveCfg = Release|Any CPU
		{EC896E4F-8EF3-4550-A249-BF5620D5C880}.Release|Any CPU.Build.0 = Release|Any CPU
		{513D4DF2-5FA7-42AC-A31D-D33DA9550238}.Debug|Any CPU.ActiveCfg = Debug|Any CPU
		{513D4DF2-5FA7-42AC-A31D-D33DA9550238}.Debug|Any CPU.Build.0 = Debug|Any CPU
		{513D4DF2-5FA7-42AC-A31D-D33DA9550238}.Release|Any CPU.ActiveCfg = Release|Any CPU
		{513D4DF2-5FA7-42AC-A31D-D33DA9550238}.Release|Any CPU.Build.0 = Release|Any CPU
		{577E84D8-4060-4605-8F45-C9D61FB4AE1A}.Debug|Any CPU.ActiveCfg = Debug|Any CPU
		{577E84D8-4060-4605-8F45-C9D61FB4AE1A}.Debug|Any CPU.Build.0 = Debug|Any CPU
		{577E84D8-4060-4605-8F45-C9D61FB4AE1A}.Release|Any CPU.ActiveCfg = Release|Any CPU
		{577E84D8-4060-4605-8F45-C9D61FB4AE1A}.Release|Any CPU.Build.0 = Release|Any CPU
	EndGlobalSection
	GlobalSection(SolutionProperties) = preSolution
		HideSolutionNode = FALSE
	EndGlobalSection
	GlobalSection(NestedProjects) = preSolution
		{9E8FBE39-1757-4F1B-86AC-8FB0BF228C33} = {B92C6049-C13E-4BF7-92E3-4CF7EFDBD8A9}
		{C5E4D6AA-F46D-431B-AB29-EA6A4795EBC7} = {B92C6049-C13E-4BF7-92E3-4CF7EFDBD8A9}
		{053E2A7F-F16A-4C6D-97D6-92C311DB0275} = {B92C6049-C13E-4BF7-92E3-4CF7EFDBD8A9}
		{8F711AC3-18A7-4F3D-8693-0EB1C3AD1D49} = {B92C6049-C13E-4BF7-92E3-4CF7EFDBD8A9}
		{0ECFA7E9-C8C1-4112-90A2-245BD3C8D1FB} = {B92C6049-C13E-4BF7-92E3-4CF7EFDBD8A9}
		{E2EC3CF5-B4DA-41E6-B010-8645546C5071} = {7BA92F80-4985-4040-B13D-F26EC4F7A07A}
		{033CA569-19D9-4242-ABC5-2B13997E656D} = {E2EC3CF5-B4DA-41E6-B010-8645546C5071}
		{964117EB-B2E2-4C50-B764-B9C08EFCBD8E} = {033CA569-19D9-4242-ABC5-2B13997E656D}
		{8389ABFD-C435-41BC-A146-7874B307DFEB} = {E2EC3CF5-B4DA-41E6-B010-8645546C5071}
		{57980F88-D40F-4AAC-B70F-BB5937DBEC79} = {3CBE43B8-9348-46BC-8AC2-BCD2A93A5BB2}
		{DDF38FFF-681E-43FC-9E09-8E173B6A93F5} = {3CBE43B8-9348-46BC-8AC2-BCD2A93A5BB2}
		{6E917498-B148-4442-B564-4A42D391592B} = {57980F88-D40F-4AAC-B70F-BB5937DBEC79}
		{2BE8E805-9D6E-4665-89ED-0974C4CA8E1C} = {57980F88-D40F-4AAC-B70F-BB5937DBEC79}
		{B9696C11-BFBD-42DA-B17D-1B6EFF294348} = {5AE5F4BC-74C8-48E1-96AC-B3B105BF9B43}
		{FC27E611-5EF5-4761-9BAE-E9B80C8BAB2A} = {B9696C11-BFBD-42DA-B17D-1B6EFF294348}
		{A3F1E850-D5B4-4DEE-8DD1-DCA9FCBD4793} = {963777ED-0DD3-4749-A812-01E0B95F7ABD}
		{ADD78DC1-1AC3-444C-BEDF-B01AD28C07CB} = {A3F1E850-D5B4-4DEE-8DD1-DCA9FCBD4793}
		{6F50E41A-AF03-43CA-99CB-0873912D436B} = {185622DD-4775-4684-90EC-E47141E48763}
		{EC896E4F-8EF3-4550-A249-BF5620D5C880} = {6F50E41A-AF03-43CA-99CB-0873912D436B}
		{513D4DF2-5FA7-42AC-A31D-D33DA9550238} = {6F50E41A-AF03-43CA-99CB-0873912D436B}
		{577E84D8-4060-4605-8F45-C9D61FB4AE1A} = {6F50E41A-AF03-43CA-99CB-0873912D436B}
	EndGlobalSection
	GlobalSection(ExtensibilityGlobals) = postSolution
		SolutionGuid = {779517E3-CCD6-4205-B533-CD0140B425B9}
	EndGlobalSection
EndGlobal
